
Microsoft Visual Studio Solution File, Format Version 12.00
# Visual Studio 15
VisualStudioVersion = 15.0.27428.2043
MinimumVisualStudioVersion = 10.0.40219.1
Project("{FAE04EC0-301F-11D3-BF4B-00C04F79EFBC}") = "Battleships", "Battleships\Battleships.csproj", "{B2F18C8C-2BFB-4916-8CF6-2670181BEC2B}"
EndProject
Global
	GlobalSection(SolutionConfigurationPlatforms) = preSolution
		Debug|Any CPU = Debug|Any CPU
		Release|Any CPU = Release|Any CPU
	EndGlobalSection
	GlobalSection(ProjectConfigurationPlatforms) = postSolution
		{B2F18C8C-2BFB-4916-8CF6-2670181BEC2B}.Debug|Any CPU.ActiveCfg = Debug|Any CPU
		{B2F18C8C-2BFB-4916-8CF6-2670181BEC2B}.Debug|Any CPU.Build.0 = Debug|Any CPU
		{B2F18C8C-2BFB-4916-8CF6-2670181BEC2B}.Release|Any CPU.ActiveCfg = Release|Any CPU
		{B2F18C8C-2BFB-4916-8CF6-2670181BEC2B}.Release|Any CPU.Build.0 = Release|Any CPU
	EndGlobalSection
	GlobalSection(SolutionProperties) = preSolution
		HideSolutionNode = FALSE
	EndGlobalSection
	GlobalSection(ExtensibilityGlobals) = postSolution
		SolutionGuid = {87653E23-308A-4516-AB9C-A68D4FE1CC6F}
	EndGlobalSection
EndGlobal
